// !$*UTF8*$!
{
	archiveVersion = 1;
	classes = {
	};
	objectVersion = 51;
	objects = {

/* Begin PBXBuildFile section */
		441560E09131DDA3609AEAF4 /* Pods_ExtraID_ExtraIDUITests.framework in Frameworks */ = {isa = PBXBuildFile; fileRef = DCFF9BE4C70C23F3406164BF /* Pods_ExtraID_ExtraIDUITests.framework */; };
		4C87972DD468C3B13D11A295 /* Pods_ExtraID.framework in Frameworks */ = {isa = PBXBuildFile; fileRef = 5A78B5C689CBD4C69E790C87 /* Pods_ExtraID.framework */; };
		A65B343C238719AB00B9711C /* AppDelegate.swift in Sources */ = {isa = PBXBuildFile; fileRef = A65B343B238719AB00B9711C /* AppDelegate.swift */; };
		A65B343E238719AB00B9711C /* SceneDelegate.swift in Sources */ = {isa = PBXBuildFile; fileRef = A65B343D238719AB00B9711C /* SceneDelegate.swift */; };
		A65B3440238719AB00B9711C /* ViewController.swift in Sources */ = {isa = PBXBuildFile; fileRef = A65B343F238719AB00B9711C /* ViewController.swift */; };
		A65B3443238719AB00B9711C /* Main.storyboard in Resources */ = {isa = PBXBuildFile; fileRef = A65B3441238719AB00B9711C /* Main.storyboard */; };
		A65B3445238719AD00B9711C /* Assets.xcassets in Resources */ = {isa = PBXBuildFile; fileRef = A65B3444238719AD00B9711C /* Assets.xcassets */; };
		A65B3448238719AD00B9711C /* LaunchScreen.storyboard in Resources */ = {isa = PBXBuildFile; fileRef = A65B3446238719AD00B9711C /* LaunchScreen.storyboard */; };
		A65B3453238719AD00B9711C /* ExtraIDTests.swift in Sources */ = {isa = PBXBuildFile; fileRef = A65B3452238719AD00B9711C /* ExtraIDTests.swift */; };
		A65B345E238719AD00B9711C /* ExtraIDUITests.swift in Sources */ = {isa = PBXBuildFile; fileRef = A65B345D238719AD00B9711C /* ExtraIDUITests.swift */; };
		A65B346F23871EE600B9711C /* TeachersClient.swift in Sources */ = {isa = PBXBuildFile; fileRef = A65B346E23871EE600B9711C /* TeachersClient.swift */; };
		A65B3472238721B100B9711C /* Teacher.swift in Sources */ = {isa = PBXBuildFile; fileRef = A65B3471238721B100B9711C /* Teacher.swift */; };
		A65B3474238726AD00B9711C /* SubjectsClient.swift in Sources */ = {isa = PBXBuildFile; fileRef = A65B3473238726AD00B9711C /* SubjectsClient.swift */; };
		A65B3476238726F000B9711C /* Subject.swift in Sources */ = {isa = PBXBuildFile; fileRef = A65B3475238726F000B9711C /* Subject.swift */; };
		A65B3478238729B200B9711C /* Student.swift in Sources */ = {isa = PBXBuildFile; fileRef = A65B3477238729B200B9711C /* Student.swift */; };
		A65B347C23872BB000B9711C /* StudentsClient.swift in Sources */ = {isa = PBXBuildFile; fileRef = A65B347B23872BB000B9711C /* StudentsClient.swift */; };
		A65B347E23872EDA00B9711C /* Exam.swift in Sources */ = {isa = PBXBuildFile; fileRef = A65B347D23872EDA00B9711C /* Exam.swift */; };
		A65B348023872F6000B9711C /* ExamsClient.swift in Sources */ = {isa = PBXBuildFile; fileRef = A65B347F23872F6000B9711C /* ExamsClient.swift */; };
		A65B34822387314100B9711C /* AuthClient.swift in Sources */ = {isa = PBXBuildFile; fileRef = A65B34812387314100B9711C /* AuthClient.swift */; };
		A65B34842387374700B9711C /* GoogleService-Info.plist in Resources */ = {isa = PBXBuildFile; fileRef = A65B34832387374700B9711C /* GoogleService-Info.plist */; };
		A65B34872387377E00B9711C /* CustomTextField.swift in Sources */ = {isa = PBXBuildFile; fileRef = A65B34862387377E00B9711C /* CustomTextField.swift */; };
		ABA96B9863FB6E0090ABF1B0 /* Pods_ExtraIDTests.framework in Frameworks */ = {isa = PBXBuildFile; fileRef = 4A8B93E44FEFA4EF4DAAFAA2 /* Pods_ExtraIDTests.framework */; };
/* End PBXBuildFile section */

/* Begin PBXContainerItemProxy section */
		A65B344F238719AD00B9711C /* PBXContainerItemProxy */ = {
			isa = PBXContainerItemProxy;
			containerPortal = A65B3430238719AB00B9711C /* Project object */;
			proxyType = 1;
			remoteGlobalIDString = A65B3437238719AB00B9711C;
			remoteInfo = ExtraID;
		};
		A65B345A238719AD00B9711C /* PBXContainerItemProxy */ = {
			isa = PBXContainerItemProxy;
			containerPortal = A65B3430238719AB00B9711C /* Project object */;
			proxyType = 1;
			remoteGlobalIDString = A65B3437238719AB00B9711C;
			remoteInfo = ExtraID;
		};
/* End PBXContainerItemProxy section */

/* Begin PBXFileReference section */
		3EFFBCBD63A77A2DFF8DD993 /* Pods-ExtraIDTests.debug.xcconfig */ = {isa = PBXFileReference; includeInIndex = 1; lastKnownFileType = text.xcconfig; name = "Pods-ExtraIDTests.debug.xcconfig"; path = "Target Support Files/Pods-ExtraIDTests/Pods-ExtraIDTests.debug.xcconfig"; sourceTree = "<group>"; };
		4A8B93E44FEFA4EF4DAAFAA2 /* Pods_ExtraIDTests.framework */ = {isa = PBXFileReference; explicitFileType = wrapper.framework; includeInIndex = 0; path = Pods_ExtraIDTests.framework; sourceTree = BUILT_PRODUCTS_DIR; };
		56D5BBEC109BBD225515C744 /* Pods-ExtraID-ExtraIDUITests.release.xcconfig */ = {isa = PBXFileReference; includeInIndex = 1; lastKnownFileType = text.xcconfig; name = "Pods-ExtraID-ExtraIDUITests.release.xcconfig"; path = "Target Support Files/Pods-ExtraID-ExtraIDUITests/Pods-ExtraID-ExtraIDUITests.release.xcconfig"; sourceTree = "<group>"; };
		5A78B5C689CBD4C69E790C87 /* Pods_ExtraID.framework */ = {isa = PBXFileReference; explicitFileType = wrapper.framework; includeInIndex = 0; path = Pods_ExtraID.framework; sourceTree = BUILT_PRODUCTS_DIR; };
		A65B3438238719AB00B9711C /* ExtraID.app */ = {isa = PBXFileReference; explicitFileType = wrapper.application; includeInIndex = 0; path = ExtraID.app; sourceTree = BUILT_PRODUCTS_DIR; };
		A65B343B238719AB00B9711C /* AppDelegate.swift */ = {isa = PBXFileReference; lastKnownFileType = sourcecode.swift; path = AppDelegate.swift; sourceTree = "<group>"; };
		A65B343D238719AB00B9711C /* SceneDelegate.swift */ = {isa = PBXFileReference; lastKnownFileType = sourcecode.swift; path = SceneDelegate.swift; sourceTree = "<group>"; };
		A65B343F238719AB00B9711C /* ViewController.swift */ = {isa = PBXFileReference; lastKnownFileType = sourcecode.swift; path = ViewController.swift; sourceTree = "<group>"; };
		A65B3442238719AB00B9711C /* Base */ = {isa = PBXFileReference; lastKnownFileType = file.storyboard; name = Base; path = Base.lproj/Main.storyboard; sourceTree = "<group>"; };
		A65B3444238719AD00B9711C /* Assets.xcassets */ = {isa = PBXFileReference; lastKnownFileType = folder.assetcatalog; path = Assets.xcassets; sourceTree = "<group>"; };
		A65B3447238719AD00B9711C /* Base */ = {isa = PBXFileReference; lastKnownFileType = file.storyboard; name = Base; path = Base.lproj/LaunchScreen.storyboard; sourceTree = "<group>"; };
		A65B3449238719AD00B9711C /* Info.plist */ = {isa = PBXFileReference; lastKnownFileType = text.plist.xml; path = Info.plist; sourceTree = "<group>"; };
		A65B344E238719AD00B9711C /* ExtraIDTests.xctest */ = {isa = PBXFileReference; explicitFileType = wrapper.cfbundle; includeInIndex = 0; path = ExtraIDTests.xctest; sourceTree = BUILT_PRODUCTS_DIR; };
		A65B3452238719AD00B9711C /* ExtraIDTests.swift */ = {isa = PBXFileReference; lastKnownFileType = sourcecode.swift; path = ExtraIDTests.swift; sourceTree = "<group>"; };
		A65B3454238719AD00B9711C /* Info.plist */ = {isa = PBXFileReference; lastKnownFileType = text.plist.xml; path = Info.plist; sourceTree = "<group>"; };
		A65B3459238719AD00B9711C /* ExtraIDUITests.xctest */ = {isa = PBXFileReference; explicitFileType = wrapper.cfbundle; includeInIndex = 0; path = ExtraIDUITests.xctest; sourceTree = BUILT_PRODUCTS_DIR; };
		A65B345D238719AD00B9711C /* ExtraIDUITests.swift */ = {isa = PBXFileReference; lastKnownFileType = sourcecode.swift; path = ExtraIDUITests.swift; sourceTree = "<group>"; };
		A65B345F238719AD00B9711C /* Info.plist */ = {isa = PBXFileReference; lastKnownFileType = text.plist.xml; path = Info.plist; sourceTree = "<group>"; };
		A65B346E23871EE600B9711C /* TeachersClient.swift */ = {isa = PBXFileReference; lastKnownFileType = sourcecode.swift; path = TeachersClient.swift; sourceTree = "<group>"; };
		A65B3471238721B100B9711C /* Teacher.swift */ = {isa = PBXFileReference; lastKnownFileType = sourcecode.swift; path = Teacher.swift; sourceTree = "<group>"; };
		A65B3473238726AD00B9711C /* SubjectsClient.swift */ = {isa = PBXFileReference; lastKnownFileType = sourcecode.swift; path = SubjectsClient.swift; sourceTree = "<group>"; };
		A65B3475238726F000B9711C /* Subject.swift */ = {isa = PBXFileReference; lastKnownFileType = sourcecode.swift; path = Subject.swift; sourceTree = "<group>"; };
		A65B3477238729B200B9711C /* Student.swift */ = {isa = PBXFileReference; lastKnownFileType = sourcecode.swift; path = Student.swift; sourceTree = "<group>"; };
		A65B347B23872BB000B9711C /* StudentsClient.swift */ = {isa = PBXFileReference; lastKnownFileType = sourcecode.swift; path = StudentsClient.swift; sourceTree = "<group>"; };
		A65B347D23872EDA00B9711C /* Exam.swift */ = {isa = PBXFileReference; lastKnownFileType = sourcecode.swift; path = Exam.swift; sourceTree = "<group>"; };
		A65B347F23872F6000B9711C /* ExamsClient.swift */ = {isa = PBXFileReference; lastKnownFileType = sourcecode.swift; path = ExamsClient.swift; sourceTree = "<group>"; };
		A65B34812387314100B9711C /* AuthClient.swift */ = {isa = PBXFileReference; lastKnownFileType = sourcecode.swift; path = AuthClient.swift; sourceTree = "<group>"; };
		A65B34832387374700B9711C /* GoogleService-Info.plist */ = {isa = PBXFileReference; fileEncoding = 4; lastKnownFileType = text.plist.xml; path = "GoogleService-Info.plist"; sourceTree = "<group>"; };
		A65B34862387377E00B9711C /* CustomTextField.swift */ = {isa = PBXFileReference; lastKnownFileType = sourcecode.swift; path = CustomTextField.swift; sourceTree = "<group>"; };
		AB134ACE2BD45D31BCE0FF81 /* Pods-ExtraID.release.xcconfig */ = {isa = PBXFileReference; includeInIndex = 1; lastKnownFileType = text.xcconfig; name = "Pods-ExtraID.release.xcconfig"; path = "Target Support Files/Pods-ExtraID/Pods-ExtraID.release.xcconfig"; sourceTree = "<group>"; };
		D0D094F2611E1AA1611F0FF1 /* Pods-ExtraID-ExtraIDUITests.debug.xcconfig */ = {isa = PBXFileReference; includeInIndex = 1; lastKnownFileType = text.xcconfig; name = "Pods-ExtraID-ExtraIDUITests.debug.xcconfig"; path = "Target Support Files/Pods-ExtraID-ExtraIDUITests/Pods-ExtraID-ExtraIDUITests.debug.xcconfig"; sourceTree = "<group>"; };
		D74B8DEF2C2BD79DA272F17B /* Pods-ExtraID.debug.xcconfig */ = {isa = PBXFileReference; includeInIndex = 1; lastKnownFileType = text.xcconfig; name = "Pods-ExtraID.debug.xcconfig"; path = "Target Support Files/Pods-ExtraID/Pods-ExtraID.debug.xcconfig"; sourceTree = "<group>"; };
		DCFF9BE4C70C23F3406164BF /* Pods_ExtraID_ExtraIDUITests.framework */ = {isa = PBXFileReference; explicitFileType = wrapper.framework; includeInIndex = 0; path = Pods_ExtraID_ExtraIDUITests.framework; sourceTree = BUILT_PRODUCTS_DIR; };
		F5AC4CE211F2291EFBF2F8BD /* Pods-ExtraIDTests.release.xcconfig */ = {isa = PBXFileReference; includeInIndex = 1; lastKnownFileType = text.xcconfig; name = "Pods-ExtraIDTests.release.xcconfig"; path = "Target Support Files/Pods-ExtraIDTests/Pods-ExtraIDTests.release.xcconfig"; sourceTree = "<group>"; };
/* End PBXFileReference section */

/* Begin PBXFrameworksBuildPhase section */
		A65B3435238719AB00B9711C /* Frameworks */ = {
			isa = PBXFrameworksBuildPhase;
			buildActionMask = 2147483647;
			files = (
				4C87972DD468C3B13D11A295 /* Pods_ExtraID.framework in Frameworks */,
			);
			runOnlyForDeploymentPostprocessing = 0;
		};
		A65B344B238719AD00B9711C /* Frameworks */ = {
			isa = PBXFrameworksBuildPhase;
			buildActionMask = 2147483647;
			files = (
				ABA96B9863FB6E0090ABF1B0 /* Pods_ExtraIDTests.framework in Frameworks */,
			);
			runOnlyForDeploymentPostprocessing = 0;
		};
		A65B3456238719AD00B9711C /* Frameworks */ = {
			isa = PBXFrameworksBuildPhase;
			buildActionMask = 2147483647;
			files = (
				441560E09131DDA3609AEAF4 /* Pods_ExtraID_ExtraIDUITests.framework in Frameworks */,
			);
			runOnlyForDeploymentPostprocessing = 0;
		};
/* End PBXFrameworksBuildPhase section */

/* Begin PBXGroup section */
		A65B342F238719AB00B9711C = {
			isa = PBXGroup;
			children = (
				A65B343A238719AB00B9711C /* ExtraID */,
				A65B3451238719AD00B9711C /* ExtraIDTests */,
				A65B345C238719AD00B9711C /* ExtraIDUITests */,
				A65B3439238719AB00B9711C /* Products */,
				C2FDE7E4D36B0013A3E66D8C /* Pods */,
				CC12AFC46685A2A393D66144 /* Frameworks */,
			);
			sourceTree = "<group>";
		};
		A65B3439238719AB00B9711C /* Products */ = {
			isa = PBXGroup;
			children = (
				A65B3438238719AB00B9711C /* ExtraID.app */,
				A65B344E238719AD00B9711C /* ExtraIDTests.xctest */,
				A65B3459238719AD00B9711C /* ExtraIDUITests.xctest */,
			);
			name = Products;
			sourceTree = "<group>";
		};
		A65B343A238719AB00B9711C /* ExtraID */ = {
			isa = PBXGroup;
			children = (
				A65B34852387376E00B9711C /* Views */,
				A65B347023871F7200B9711C /* Models */,
				A65B346D23871ECC00B9711C /* Network */,
				A65B343B238719AB00B9711C /* AppDelegate.swift */,
				A65B343D238719AB00B9711C /* SceneDelegate.swift */,
				A65B343F238719AB00B9711C /* ViewController.swift */,
				A65B3441238719AB00B9711C /* Main.storyboard */,
				A65B3444238719AD00B9711C /* Assets.xcassets */,
				A65B3446238719AD00B9711C /* LaunchScreen.storyboard */,
				A65B3449238719AD00B9711C /* Info.plist */,
				A65B34832387374700B9711C /* GoogleService-Info.plist */,
			);
			path = ExtraID;
			sourceTree = "<group>";
		};
		A65B3451238719AD00B9711C /* ExtraIDTests */ = {
			isa = PBXGroup;
			children = (
				A65B3452238719AD00B9711C /* ExtraIDTests.swift */,
				A65B3454238719AD00B9711C /* Info.plist */,
			);
			path = ExtraIDTests;
			sourceTree = "<group>";
		};
		A65B345C238719AD00B9711C /* ExtraIDUITests */ = {
			isa = PBXGroup;
			children = (
				A65B345D238719AD00B9711C /* ExtraIDUITests.swift */,
				A65B345F238719AD00B9711C /* Info.plist */,
			);
			path = ExtraIDUITests;
			sourceTree = "<group>";
		};
		A65B346D23871ECC00B9711C /* Network */ = {
			isa = PBXGroup;
			children = (
				A65B346E23871EE600B9711C /* TeachersClient.swift */,
				A65B3473238726AD00B9711C /* SubjectsClient.swift */,
				A65B347B23872BB000B9711C /* StudentsClient.swift */,
				A65B347F23872F6000B9711C /* ExamsClient.swift */,
				A65B34812387314100B9711C /* AuthClient.swift */,
			);
			path = Network;
			sourceTree = "<group>";
		};
		A65B347023871F7200B9711C /* Models */ = {
			isa = PBXGroup;
			children = (
				A65B3471238721B100B9711C /* Teacher.swift */,
				A65B3475238726F000B9711C /* Subject.swift */,
				A65B3477238729B200B9711C /* Student.swift */,
				A65B347D23872EDA00B9711C /* Exam.swift */,
			);
			path = Models;
			sourceTree = "<group>";
		};
		A65B34852387376E00B9711C /* Views */ = {
			isa = PBXGroup;
			children = (
				A65B34862387377E00B9711C /* CustomTextField.swift */,
			);
			path = Views;
			sourceTree = "<group>";
		};
		C2FDE7E4D36B0013A3E66D8C /* Pods */ = {
			isa = PBXGroup;
			children = (
				D74B8DEF2C2BD79DA272F17B /* Pods-ExtraID.debug.xcconfig */,
				AB134ACE2BD45D31BCE0FF81 /* Pods-ExtraID.release.xcconfig */,
				D0D094F2611E1AA1611F0FF1 /* Pods-ExtraID-ExtraIDUITests.debug.xcconfig */,
				56D5BBEC109BBD225515C744 /* Pods-ExtraID-ExtraIDUITests.release.xcconfig */,
				3EFFBCBD63A77A2DFF8DD993 /* Pods-ExtraIDTests.debug.xcconfig */,
				F5AC4CE211F2291EFBF2F8BD /* Pods-ExtraIDTests.release.xcconfig */,
			);
			path = Pods;
			sourceTree = "<group>";
		};
		CC12AFC46685A2A393D66144 /* Frameworks */ = {
			isa = PBXGroup;
			children = (
				5A78B5C689CBD4C69E790C87 /* Pods_ExtraID.framework */,
				DCFF9BE4C70C23F3406164BF /* Pods_ExtraID_ExtraIDUITests.framework */,
				4A8B93E44FEFA4EF4DAAFAA2 /* Pods_ExtraIDTests.framework */,
			);
			name = Frameworks;
			sourceTree = "<group>";
		};
/* End PBXGroup section */

/* Begin PBXNativeTarget section */
		A65B3437238719AB00B9711C /* ExtraID */ = {
			isa = PBXNativeTarget;
			buildConfigurationList = A65B3462238719AD00B9711C /* Build configuration list for PBXNativeTarget "ExtraID" */;
			buildPhases = (
				05CB6AB0C51B9D3D6B1E7AB7 /* [CP] Check Pods Manifest.lock */,
				A65B3434238719AB00B9711C /* Sources */,
				A65B3435238719AB00B9711C /* Frameworks */,
				A65B3436238719AB00B9711C /* Resources */,
				4D809545345D638D8AD24E5A /* [CP] Embed Pods Frameworks */,
			);
			buildRules = (
			);
			dependencies = (
			);
			name = ExtraID;
			productName = ExtraID;
			productReference = A65B3438238719AB00B9711C /* ExtraID.app */;
			productType = "com.apple.product-type.application";
		};
		A65B344D238719AD00B9711C /* ExtraIDTests */ = {
			isa = PBXNativeTarget;
			buildConfigurationList = A65B3465238719AD00B9711C /* Build configuration list for PBXNativeTarget "ExtraIDTests" */;
			buildPhases = (
				681242CDB21FE0FCE341D5D5 /* [CP] Check Pods Manifest.lock */,
				A65B344A238719AD00B9711C /* Sources */,
				A65B344B238719AD00B9711C /* Frameworks */,
				A65B344C238719AD00B9711C /* Resources */,
			);
			buildRules = (
			);
			dependencies = (
				A65B3450238719AD00B9711C /* PBXTargetDependency */,
			);
			name = ExtraIDTests;
			productName = ExtraIDTests;
			productReference = A65B344E238719AD00B9711C /* ExtraIDTests.xctest */;
			productType = "com.apple.product-type.bundle.unit-test";
		};
		A65B3458238719AD00B9711C /* ExtraIDUITests */ = {
			isa = PBXNativeTarget;
			buildConfigurationList = A65B3468238719AD00B9711C /* Build configuration list for PBXNativeTarget "ExtraIDUITests" */;
			buildPhases = (
				59E88609F3CB03BC7A6B3DE9 /* [CP] Check Pods Manifest.lock */,
				A65B3455238719AD00B9711C /* Sources */,
				A65B3456238719AD00B9711C /* Frameworks */,
				A65B3457238719AD00B9711C /* Resources */,
				588870B24228B96D62F605BB /* [CP] Embed Pods Frameworks */,
			);
			buildRules = (
			);
			dependencies = (
				A65B345B238719AD00B9711C /* PBXTargetDependency */,
			);
			name = ExtraIDUITests;
			productName = ExtraIDUITests;
			productReference = A65B3459238719AD00B9711C /* ExtraIDUITests.xctest */;
			productType = "com.apple.product-type.bundle.ui-testing";
		};
/* End PBXNativeTarget section */

/* Begin PBXProject section */
		A65B3430238719AB00B9711C /* Project object */ = {
			isa = PBXProject;
			attributes = {
				LastSwiftUpdateCheck = 1120;
				LastUpgradeCheck = 1120;
				ORGANIZATIONNAME = Macnificos;
				TargetAttributes = {
					A65B3437238719AB00B9711C = {
						CreatedOnToolsVersion = 11.2.1;
					};
					A65B344D238719AD00B9711C = {
						CreatedOnToolsVersion = 11.2.1;
						TestTargetID = A65B3437238719AB00B9711C;
					};
					A65B3458238719AD00B9711C = {
						CreatedOnToolsVersion = 11.2.1;
						TestTargetID = A65B3437238719AB00B9711C;
					};
				};
			};
			buildConfigurationList = A65B3433238719AB00B9711C /* Build configuration list for PBXProject "ExtraID" */;
			compatibilityVersion = "Xcode 9.3";
			developmentRegion = en;
			hasScannedForEncodings = 0;
			knownRegions = (
				en,
				Base,
			);
			mainGroup = A65B342F238719AB00B9711C;
			productRefGroup = A65B3439238719AB00B9711C /* Products */;
			projectDirPath = "";
			projectRoot = "";
			targets = (
				A65B3437238719AB00B9711C /* ExtraID */,
				A65B344D238719AD00B9711C /* ExtraIDTests */,
				A65B3458238719AD00B9711C /* ExtraIDUITests */,
			);
		};
/* End PBXProject section */

/* Begin PBXResourcesBuildPhase section */
		A65B3436238719AB00B9711C /* Resources */ = {
			isa = PBXResourcesBuildPhase;
			buildActionMask = 2147483647;
			files = (
				A65B3448238719AD00B9711C /* LaunchScreen.storyboard in Resources */,
				A65B34842387374700B9711C /* GoogleService-Info.plist in Resources */,
				A65B3445238719AD00B9711C /* Assets.xcassets in Resources */,
				A65B3443238719AB00B9711C /* Main.storyboard in Resources */,
			);
			runOnlyForDeploymentPostprocessing = 0;
		};
		A65B344C238719AD00B9711C /* Resources */ = {
			isa = PBXResourcesBuildPhase;
			buildActionMask = 2147483647;
			files = (
			);
			runOnlyForDeploymentPostprocessing = 0;
		};
		A65B3457238719AD00B9711C /* Resources */ = {
			isa = PBXResourcesBuildPhase;
			buildActionMask = 2147483647;
			files = (
			);
			runOnlyForDeploymentPostprocessing = 0;
		};
/* End PBXResourcesBuildPhase section */

/* Begin PBXShellScriptBuildPhase section */
		05CB6AB0C51B9D3D6B1E7AB7 /* [CP] Check Pods Manifest.lock */ = {
			isa = PBXShellScriptBuildPhase;
			buildActionMask = 2147483647;
			files = (
			);
			inputFileListPaths = (
			);
			inputPaths = (
				"${PODS_PODFILE_DIR_PATH}/Podfile.lock",
				"${PODS_ROOT}/Manifest.lock",
			);
			name = "[CP] Check Pods Manifest.lock";
			outputFileListPaths = (
			);
			outputPaths = (
				"$(DERIVED_FILE_DIR)/Pods-ExtraID-checkManifestLockResult.txt",
			);
			runOnlyForDeploymentPostprocessing = 0;
			shellPath = /bin/sh;
			shellScript = "diff \"${PODS_PODFILE_DIR_PATH}/Podfile.lock\" \"${PODS_ROOT}/Manifest.lock\" > /dev/null\nif [ $? != 0 ] ; then\n    # print error to STDERR\n    echo \"error: The sandbox is not in sync with the Podfile.lock. Run 'pod install' or update your CocoaPods installation.\" >&2\n    exit 1\nfi\n# This output is used by Xcode 'outputs' to avoid re-running this script phase.\necho \"SUCCESS\" > \"${SCRIPT_OUTPUT_FILE_0}\"\n";
			showEnvVarsInLog = 0;
		};
		4D809545345D638D8AD24E5A /* [CP] Embed Pods Frameworks */ = {
			isa = PBXShellScriptBuildPhase;
			buildActionMask = 2147483647;
			files = (
			);
			inputFileListPaths = (
				"${PODS_ROOT}/Target Support Files/Pods-ExtraID/Pods-ExtraID-frameworks-${CONFIGURATION}-input-files.xcfilelist",
			);
			name = "[CP] Embed Pods Frameworks";
			outputFileListPaths = (
				"${PODS_ROOT}/Target Support Files/Pods-ExtraID/Pods-ExtraID-frameworks-${CONFIGURATION}-output-files.xcfilelist",
			);
			runOnlyForDeploymentPostprocessing = 0;
			shellPath = /bin/sh;
			shellScript = "\"${PODS_ROOT}/Target Support Files/Pods-ExtraID/Pods-ExtraID-frameworks.sh\"\n";
			showEnvVarsInLog = 0;
		};
		588870B24228B96D62F605BB /* [CP] Embed Pods Frameworks */ = {
			isa = PBXShellScriptBuildPhase;
			buildActionMask = 2147483647;
			files = (
			);
			inputFileListPaths = (
				"${PODS_ROOT}/Target Support Files/Pods-ExtraID-ExtraIDUITests/Pods-ExtraID-ExtraIDUITests-frameworks-${CONFIGURATION}-input-files.xcfilelist",
			);
			name = "[CP] Embed Pods Frameworks";
			outputFileListPaths = (
				"${PODS_ROOT}/Target Support Files/Pods-ExtraID-ExtraIDUITests/Pods-ExtraID-ExtraIDUITests-frameworks-${CONFIGURATION}-output-files.xcfilelist",
			);
			runOnlyForDeploymentPostprocessing = 0;
			shellPath = /bin/sh;
			shellScript = "\"${PODS_ROOT}/Target Support Files/Pods-ExtraID-ExtraIDUITests/Pods-ExtraID-ExtraIDUITests-frameworks.sh\"\n";
			showEnvVarsInLog = 0;
		};
		59E88609F3CB03BC7A6B3DE9 /* [CP] Check Pods Manifest.lock */ = {
			isa = PBXShellScriptBuildPhase;
			buildActionMask = 2147483647;
			files = (
			);
			inputFileListPaths = (
			);
			inputPaths = (
				"${PODS_PODFILE_DIR_PATH}/Podfile.lock",
				"${PODS_ROOT}/Manifest.lock",
			);
			name = "[CP] Check Pods Manifest.lock";
			outputFileListPaths = (
			);
			outputPaths = (
				"$(DERIVED_FILE_DIR)/Pods-ExtraID-ExtraIDUITests-checkManifestLockResult.txt",
			);
			runOnlyForDeploymentPostprocessing = 0;
			shellPath = /bin/sh;
			shellScript = "diff \"${PODS_PODFILE_DIR_PATH}/Podfile.lock\" \"${PODS_ROOT}/Manifest.lock\" > /dev/null\nif [ $? != 0 ] ; then\n    # print error to STDERR\n    echo \"error: The sandbox is not in sync with the Podfile.lock. Run 'pod install' or update your CocoaPods installation.\" >&2\n    exit 1\nfi\n# This output is used by Xcode 'outputs' to avoid re-running this script phase.\necho \"SUCCESS\" > \"${SCRIPT_OUTPUT_FILE_0}\"\n";
			showEnvVarsInLog = 0;
		};
		681242CDB21FE0FCE341D5D5 /* [CP] Check Pods Manifest.lock */ = {
			isa = PBXShellScriptBuildPhase;
			buildActionMask = 2147483647;
			files = (
			);
			inputFileListPaths = (
			);
			inputPaths = (
				"${PODS_PODFILE_DIR_PATH}/Podfile.lock",
				"${PODS_ROOT}/Manifest.lock",
			);
			name = "[CP] Check Pods Manifest.lock";
			outputFileListPaths = (
			);
			outputPaths = (
				"$(DERIVED_FILE_DIR)/Pods-ExtraIDTests-checkManifestLockResult.txt",
			);
			runOnlyForDeploymentPostprocessing = 0;
			shellPath = /bin/sh;
			shellScript = "diff \"${PODS_PODFILE_DIR_PATH}/Podfile.lock\" \"${PODS_ROOT}/Manifest.lock\" > /dev/null\nif [ $? != 0 ] ; then\n    # print error to STDERR\n    echo \"error: The sandbox is not in sync with the Podfile.lock. Run 'pod install' or update your CocoaPods installation.\" >&2\n    exit 1\nfi\n# This output is used by Xcode 'outputs' to avoid re-running this script phase.\necho \"SUCCESS\" > \"${SCRIPT_OUTPUT_FILE_0}\"\n";
			showEnvVarsInLog = 0;
		};
/* End PBXShellScriptBuildPhase section */

/* Begin PBXSourcesBuildPhase section */
		A65B3434238719AB00B9711C /* Sources */ = {
			isa = PBXSourcesBuildPhase;
			buildActionMask = 2147483647;
			files = (
				A65B34872387377E00B9711C /* CustomTextField.swift in Sources */,
				A65B348023872F6000B9711C /* ExamsClient.swift in Sources */,
				A65B3440238719AB00B9711C /* ViewController.swift in Sources */,
				A65B3474238726AD00B9711C /* SubjectsClient.swift in Sources */,
				A65B3476238726F000B9711C /* Subject.swift in Sources */,
				A65B34822387314100B9711C /* AuthClient.swift in Sources */,
				A65B3472238721B100B9711C /* Teacher.swift in Sources */,
				A65B346F23871EE600B9711C /* TeachersClient.swift in Sources */,
				A65B343C238719AB00B9711C /* AppDelegate.swift in Sources */,
				A65B347E23872EDA00B9711C /* Exam.swift in Sources */,
				A65B343E238719AB00B9711C /* SceneDelegate.swift in Sources */,
				A65B3478238729B200B9711C /* Student.swift in Sources */,
				A65B347C23872BB000B9711C /* StudentsClient.swift in Sources */,
			);
			runOnlyForDeploymentPostprocessing = 0;
		};
		A65B344A238719AD00B9711C /* Sources */ = {
			isa = PBXSourcesBuildPhase;
			buildActionMask = 2147483647;
			files = (
				A65B3453238719AD00B9711C /* ExtraIDTests.swift in Sources */,
			);
			runOnlyForDeploymentPostprocessing = 0;
		};
		A65B3455238719AD00B9711C /* Sources */ = {
			isa = PBXSourcesBuildPhase;
			buildActionMask = 2147483647;
			files = (
				A65B345E238719AD00B9711C /* ExtraIDUITests.swift in Sources */,
			);
			runOnlyForDeploymentPostprocessing = 0;
		};
/* End PBXSourcesBuildPhase section */

/* Begin PBXTargetDependency section */
		A65B3450238719AD00B9711C /* PBXTargetDependency */ = {
			isa = PBXTargetDependency;
			target = A65B3437238719AB00B9711C /* ExtraID */;
			targetProxy = A65B344F238719AD00B9711C /* PBXContainerItemProxy */;
		};
		A65B345B238719AD00B9711C /* PBXTargetDependency */ = {
			isa = PBXTargetDependency;
			target = A65B3437238719AB00B9711C /* ExtraID */;
			targetProxy = A65B345A238719AD00B9711C /* PBXContainerItemProxy */;
		};
/* End PBXTargetDependency section */

/* Begin PBXVariantGroup section */
		A65B3441238719AB00B9711C /* Main.storyboard */ = {
			isa = PBXVariantGroup;
			children = (
				A65B3442238719AB00B9711C /* Base */,
			);
			name = Main.storyboard;
			sourceTree = "<group>";
		};
		A65B3446238719AD00B9711C /* LaunchScreen.storyboard */ = {
			isa = PBXVariantGroup;
			children = (
				A65B3447238719AD00B9711C /* Base */,
			);
			name = LaunchScreen.storyboard;
			sourceTree = "<group>";
		};
/* End PBXVariantGroup section */

/* Begin XCBuildConfiguration section */
		A65B3460238719AD00B9711C /* Debug */ = {
			isa = XCBuildConfiguration;
			buildSettings = {
				ALWAYS_SEARCH_USER_PATHS = NO;
				CLANG_ANALYZER_NONNULL = YES;
				CLANG_ANALYZER_NUMBER_OBJECT_CONVERSION = YES_AGGRESSIVE;
				CLANG_CXX_LANGUAGE_STANDARD = "gnu++14";
				CLANG_CXX_LIBRARY = "libc++";
				CLANG_ENABLE_MODULES = YES;
				CLANG_ENABLE_OBJC_ARC = YES;
				CLANG_ENABLE_OBJC_WEAK = YES;
				CLANG_WARN_BLOCK_CAPTURE_AUTORELEASING = YES;
				CLANG_WARN_BOOL_CONVERSION = YES;
				CLANG_WARN_COMMA = YES;
				CLANG_WARN_CONSTANT_CONVERSION = YES;
				CLANG_WARN_DEPRECATED_OBJC_IMPLEMENTATIONS = YES;
				CLANG_WARN_DIRECT_OBJC_ISA_USAGE = YES_ERROR;
				CLANG_WARN_DOCUMENTATION_COMMENTS = YES;
				CLANG_WARN_EMPTY_BODY = YES;
				CLANG_WARN_ENUM_CONVERSION = YES;
				CLANG_WARN_INFINITE_RECURSION = YES;
				CLANG_WARN_INT_CONVERSION = YES;
				CLANG_WARN_NON_LITERAL_NULL_CONVERSION = YES;
				CLANG_WARN_OBJC_IMPLICIT_RETAIN_SELF = YES;
				CLANG_WARN_OBJC_LITERAL_CONVERSION = YES;
				CLANG_WARN_OBJC_ROOT_CLASS = YES_ERROR;
				CLANG_WARN_RANGE_LOOP_ANALYSIS = YES;
				CLANG_WARN_STRICT_PROTOTYPES = YES;
				CLANG_WARN_SUSPICIOUS_MOVE = YES;
				CLANG_WARN_UNGUARDED_AVAILABILITY = YES_AGGRESSIVE;
				CLANG_WARN_UNREACHABLE_CODE = YES;
				CLANG_WARN__DUPLICATE_METHOD_MATCH = YES;
				COPY_PHASE_STRIP = NO;
				DEBUG_INFORMATION_FORMAT = dwarf;
				ENABLE_STRICT_OBJC_MSGSEND = YES;
				ENABLE_TESTABILITY = YES;
				GCC_C_LANGUAGE_STANDARD = gnu11;
				GCC_DYNAMIC_NO_PIC = NO;
				GCC_NO_COMMON_BLOCKS = YES;
				GCC_OPTIMIZATION_LEVEL = 0;
				GCC_PREPROCESSOR_DEFINITIONS = (
					"DEBUG=1",
					"$(inherited)",
				);
				GCC_WARN_64_TO_32_BIT_CONVERSION = YES;
				GCC_WARN_ABOUT_RETURN_TYPE = YES_ERROR;
				GCC_WARN_UNDECLARED_SELECTOR = YES;
				GCC_WARN_UNINITIALIZED_AUTOS = YES_AGGRESSIVE;
				GCC_WARN_UNUSED_FUNCTION = YES;
				GCC_WARN_UNUSED_VARIABLE = YES;
				IPHONEOS_DEPLOYMENT_TARGET = 13.2;
				MTL_ENABLE_DEBUG_INFO = INCLUDE_SOURCE;
				MTL_FAST_MATH = YES;
				ONLY_ACTIVE_ARCH = YES;
				SDKROOT = iphoneos;
				SWIFT_ACTIVE_COMPILATION_CONDITIONS = DEBUG;
				SWIFT_OPTIMIZATION_LEVEL = "-Onone";
			};
			name = Debug;
		};
		A65B3461238719AD00B9711C /* Release */ = {
			isa = XCBuildConfiguration;
			buildSettings = {
				ALWAYS_SEARCH_USER_PATHS = NO;
				CLANG_ANALYZER_NONNULL = YES;
				CLANG_ANALYZER_NUMBER_OBJECT_CONVERSION = YES_AGGRESSIVE;
				CLANG_CXX_LANGUAGE_STANDARD = "gnu++14";
				CLANG_CXX_LIBRARY = "libc++";
				CLANG_ENABLE_MODULES = YES;
				CLANG_ENABLE_OBJC_ARC = YES;
				CLANG_ENABLE_OBJC_WEAK = YES;
				CLANG_WARN_BLOCK_CAPTURE_AUTORELEASING = YES;
				CLANG_WARN_BOOL_CONVERSION = YES;
				CLANG_WARN_COMMA = YES;
				CLANG_WARN_CONSTANT_CONVERSION = YES;
				CLANG_WARN_DEPRECATED_OBJC_IMPLEMENTATIONS = YES;
				CLANG_WARN_DIRECT_OBJC_ISA_USAGE = YES_ERROR;
				CLANG_WARN_DOCUMENTATION_COMMENTS = YES;
				CLANG_WARN_EMPTY_BODY = YES;
				CLANG_WARN_ENUM_CONVERSION = YES;
				CLANG_WARN_INFINITE_RECURSION = YES;
				CLANG_WARN_INT_CONVERSION = YES;
				CLANG_WARN_NON_LITERAL_NULL_CONVERSION = YES;
				CLANG_WARN_OBJC_IMPLICIT_RETAIN_SELF = YES;
				CLANG_WARN_OBJC_LITERAL_CONVERSION = YES;
				CLANG_WARN_OBJC_ROOT_CLASS = YES_ERROR;
				CLANG_WARN_RANGE_LOOP_ANALYSIS = YES;
				CLANG_WARN_STRICT_PROTOTYPES = YES;
				CLANG_WARN_SUSPICIOUS_MOVE = YES;
				CLANG_WARN_UNGUARDED_AVAILABILITY = YES_AGGRESSIVE;
				CLANG_WARN_UNREACHABLE_CODE = YES;
				CLANG_WARN__DUPLICATE_METHOD_MATCH = YES;
				COPY_PHASE_STRIP = NO;
				DEBUG_INFORMATION_FORMAT = "dwarf-with-dsym";
				ENABLE_NS_ASSERTIONS = NO;
				ENABLE_STRICT_OBJC_MSGSEND = YES;
				GCC_C_LANGUAGE_STANDARD = gnu11;
				GCC_NO_COMMON_BLOCKS = YES;
				GCC_WARN_64_TO_32_BIT_CONVERSION = YES;
				GCC_WARN_ABOUT_RETURN_TYPE = YES_ERROR;
				GCC_WARN_UNDECLARED_SELECTOR = YES;
				GCC_WARN_UNINITIALIZED_AUTOS = YES_AGGRESSIVE;
				GCC_WARN_UNUSED_FUNCTION = YES;
				GCC_WARN_UNUSED_VARIABLE = YES;
				IPHONEOS_DEPLOYMENT_TARGET = 13.2;
				MTL_ENABLE_DEBUG_INFO = NO;
				MTL_FAST_MATH = YES;
				SDKROOT = iphoneos;
				SWIFT_COMPILATION_MODE = wholemodule;
				SWIFT_OPTIMIZATION_LEVEL = "-O";
				VALIDATE_PRODUCT = YES;
			};
			name = Release;
		};
		A65B3463238719AD00B9711C /* Debug */ = {
			isa = XCBuildConfiguration;
			baseConfigurationReference = D74B8DEF2C2BD79DA272F17B /* Pods-ExtraID.debug.xcconfig */;
			buildSettings = {
				ASSETCATALOG_COMPILER_APPICON_NAME = AppIcon;
				CODE_SIGN_STYLE = Automatic;
				INFOPLIST_FILE = ExtraID/Info.plist;
				LD_RUNPATH_SEARCH_PATHS = (
					"$(inherited)",
					"@executable_path/Frameworks",
				);
				PRODUCT_BUNDLE_IDENTIFIER = io.ivnxyz.ExtraID;
				PRODUCT_NAME = "$(TARGET_NAME)";
				SWIFT_VERSION = 5.0;
				TARGETED_DEVICE_FAMILY = "1,2";
			};
			name = Debug;
		};
		A65B3464238719AD00B9711C /* Release */ = {
			isa = XCBuildConfiguration;
			baseConfigurationReference = AB134ACE2BD45D31BCE0FF81 /* Pods-ExtraID.release.xcconfig */;
			buildSettings = {
				ASSETCATALOG_COMPILER_APPICON_NAME = AppIcon;
				CODE_SIGN_STYLE = Automatic;
				INFOPLIST_FILE = ExtraID/Info.plist;
				LD_RUNPATH_SEARCH_PATHS = (
					"$(inherited)",
					"@executable_path/Frameworks",
				);
				PRODUCT_BUNDLE_IDENTIFIER = io.ivnxyz.ExtraID;
				PRODUCT_NAME = "$(TARGET_NAME)";
				SWIFT_VERSION = 5.0;
				TARGETED_DEVICE_FAMILY = "1,2";
			};
			name = Release;
		};
		A65B3466238719AD00B9711C /* Debug */ = {
			isa = XCBuildConfiguration;
			baseConfigurationReference = 3EFFBCBD63A77A2DFF8DD993 /* Pods-ExtraIDTests.debug.xcconfig */;
			buildSettings = {
				ALWAYS_EMBED_SWIFT_STANDARD_LIBRARIES = YES;
				BUNDLE_LOADER = "$(TEST_HOST)";
				CODE_SIGN_STYLE = Automatic;
				INFOPLIST_FILE = ExtraIDTests/Info.plist;
				IPHONEOS_DEPLOYMENT_TARGET = 13.2;
				LD_RUNPATH_SEARCH_PATHS = (
					"$(inherited)",
					"@executable_path/Frameworks",
					"@loader_path/Frameworks",
				);
				PRODUCT_BUNDLE_IDENTIFIER = io.ivnxyz.ExtraIDTests;
				PRODUCT_NAME = "$(TARGET_NAME)";
				SWIFT_VERSION = 5.0;
				TARGETED_DEVICE_FAMILY = "1,2";
				TEST_HOST = "$(BUILT_PRODUCTS_DIR)/ExtraID.app/ExtraID";
			};
			name = Debug;
		};
		A65B3467238719AD00B9711C /* Release */ = {
			isa = XCBuildConfiguration;
			baseConfigurationReference = F5AC4CE211F2291EFBF2F8BD /* Pods-ExtraIDTests.release.xcconfig */;
			buildSettings = {
				ALWAYS_EMBED_SWIFT_STANDARD_LIBRARIES = YES;
				BUNDLE_LOADER = "$(TEST_HOST)";
				CODE_SIGN_STYLE = Automatic;
				INFOPLIST_FILE = ExtraIDTests/Info.plist;
				IPHONEOS_DEPLOYMENT_TARGET = 13.2;
				LD_RUNPATH_SEARCH_PATHS = (
					"$(inherited)",
					"@executable_path/Frameworks",
					"@loader_path/Frameworks",
				);
				PRODUCT_BUNDLE_IDENTIFIER = io.ivnxyz.ExtraIDTests;
				PRODUCT_NAME = "$(TARGET_NAME)";
				SWIFT_VERSION = 5.0;
				TARGETED_DEVICE_FAMILY = "1,2";
				TEST_HOST = "$(BUILT_PRODUCTS_DIR)/ExtraID.app/ExtraID";
			};
			name = Release;
		};
		A65B3469238719AD00B9711C /* Debug */ = {
			isa = XCBuildConfiguration;
			baseConfigurationReference = D0D094F2611E1AA1611F0FF1 /* Pods-ExtraID-ExtraIDUITests.debug.xcconfig */;
			buildSettings = {
				ALWAYS_EMBED_SWIFT_STANDARD_LIBRARIES = YES;
				CODE_SIGN_STYLE = Automatic;
				INFOPLIST_FILE = ExtraIDUITests/Info.plist;
				LD_RUNPATH_SEARCH_PATHS = (
					"$(inherited)",
					"@executable_path/Frameworks",
					"@loader_path/Frameworks",
				);
				PRODUCT_BUNDLE_IDENTIFIER = io.ivnxyz.ExtraIDUITests;
				PRODUCT_NAME = "$(TARGET_NAME)";
				SWIFT_VERSION = 5.0;
				TARGETED_DEVICE_FAMILY = "1,2";
				TEST_TARGET_NAME = ExtraID;
			};
			name = Debug;
		};
		A65B346A238719AD00B9711C /* Release */ = {
			isa = XCBuildConfiguration;
			baseConfigurationReference = 56D5BBEC109BBD225515C744 /* Pods-ExtraID-ExtraIDUITests.release.xcconfig */;
			buildSettings = {
				ALWAYS_EMBED_SWIFT_STANDARD_LIBRARIES = YES;
				CODE_SIGN_STYLE = Automatic;
				INFOPLIST_FILE = ExtraIDUITests/Info.plist;
				LD_RUNPATH_SEARCH_PATHS = (
					"$(inherited)",
					"@executable_path/Frameworks",
					"@loader_path/Frameworks",
				);
				PRODUCT_BUNDLE_IDENTIFIER = io.ivnxyz.ExtraIDUITests;
				PRODUCT_NAME = "$(TARGET_NAME)";
				SWIFT_VERSION = 5.0;
				TARGETED_DEVICE_FAMILY = "1,2";
				TEST_TARGET_NAME = ExtraID;
			};
			name = Release;
		};
/* End XCBuildConfiguration section */

/* Begin XCConfigurationList section */
		A65B3433238719AB00B9711C /* Build configuration list for PBXProject "ExtraID" */ = {
			isa = XCConfigurationList;
			buildConfigurations = (
				A65B3460238719AD00B9711C /* Debug */,
				A65B3461238719AD00B9711C /* Release */,
			);
			defaultConfigurationIsVisible = 0;
			defaultConfigurationName = Release;
		};
		A65B3462238719AD00B9711C /* Build configuration list for PBXNativeTarget "ExtraID" */ = {
			isa = XCConfigurationList;
			buildConfigurations = (
				A65B3463238719AD00B9711C /* Debug */,
				A65B3464238719AD00B9711C /* Release */,
			);
			defaultConfigurationIsVisible = 0;
			defaultConfigurationName = Release;
		};
		A65B3465238719AD00B9711C /* Build configuration list for PBXNativeTarget "ExtraIDTests" */ = {
			isa = XCConfigurationList;
			buildConfigurations = (
				A65B3466238719AD00B9711C /* Debug */,
				A65B3467238719AD00B9711C /* Release */,
			);
			defaultConfigurationIsVisible = 0;
			defaultConfigurationName = Release;
		};
		A65B3468238719AD00B9711C /* Build configuration list for PBXNativeTarget "ExtraIDUITests" */ = {
			isa = XCConfigurationList;
			buildConfigurations = (
				A65B3469238719AD00B9711C /* Debug */,
				A65B346A238719AD00B9711C /* Release */,
			);
			defaultConfigurationIsVisible = 0;
			defaultConfigurationName = Release;
		};
/* End XCConfigurationList section */
	};
	rootObject = A65B3430238719AB00B9711C /* Project object */;
}
